
Microsoft Visual Studio Solution File, Format Version 12.00
# Visual Studio Version 16
VisualStudioVersion = 16.0.30320.27
MinimumVisualStudioVersion = 10.0.40219.1
Project("{9A19103F-16F7-4668-BE54-9A1E7A4F7556}") = "CinemaA", "CinemaA\CinemaA.csproj", "{A2E4E8DC-A148-43CB-8B1A-4C89FCF7C653}"
EndProject
Global
	GlobalSection(SolutionConfigurationPlatforms) = preSolution
		Debug|Any CPU = Debug|Any CPU
		Release|Any CPU = Release|Any CPU
	EndGlobalSection
	GlobalSection(ProjectConfigurationPlatforms) = postSolution
		{A2E4E8DC-A148-43CB-8B1A-4C89FCF7C653}.Debug|Any CPU.ActiveCfg = Debug|Any CPU
		{A2E4E8DC-A148-43CB-8B1A-4C89FCF7C653}.Debug|Any CPU.Build.0 = Debug|Any CPU
		{A2E4E8DC-A148-43CB-8B1A-4C89FCF7C653}.Release|Any CPU.ActiveCfg = Release|Any CPU
		{A2E4E8DC-A148-43CB-8B1A-4C89FCF7C653}.Release|Any CPU.Build.0 = Release|Any CPU
	EndGlobalSection
	GlobalSection(SolutionProperties) = preSolution
		HideSolutionNode = FALSE
	EndGlobalSection
	GlobalSection(ExtensibilityGlobals) = postSolution
		SolutionGuid = {0886B6B7-9908-451F-AC25-C05B0E862724}
	EndGlobalSection
EndGlobal
